// !$*UTF8*$!
{
	archiveVersion = 1;
	classes = {
	};
	objectVersion = 46;
	objects = {

/* Begin PBXBuildFile section */
		0306CEDF1D1287CA005BCDFE /* IntentHandler.swift in Sources */ = {isa = PBXBuildFile; fileRef = 0306CEDE1D1287CA005BCDFE /* IntentHandler.swift */; };
		0306CEE71D1287CA005BCDFE /* IntentsUI.framework in Frameworks */ = {isa = PBXBuildFile; fileRef = 0306CEE61D1287CA005BCDFE /* IntentsUI.framework */; };
		0306CEEA1D1287CA005BCDFE /* IntentViewController.swift in Sources */ = {isa = PBXBuildFile; fileRef = 0306CEE91D1287CA005BCDFE /* IntentViewController.swift */; };
		0306CEED1D1287CA005BCDFE /* MainInterface.storyboard in Resources */ = {isa = PBXBuildFile; fileRef = 0306CEEB1D1287CA005BCDFE /* MainInterface.storyboard */; };
		0306CEF11D1287CA005BCDFE /* CaFinderSiriUI.appex in Embed App Extensions */ = {isa = PBXBuildFile; fileRef = 0306CEE51D1287CA005BCDFE /* CaFinderSiriUI.appex */; settings = {ATTRIBUTES = (RemoveHeadersOnCopy, ); }; };
		0306CEF41D1287CA005BCDFE /* CaFinderSiri.appex in Embed App Extensions */ = {isa = PBXBuildFile; fileRef = 0306CEDC1D1287C9005BCDFE /* CaFinderSiri.appex */; settings = {ATTRIBUTES = (RemoveHeadersOnCopy, ); }; };
		0306CEFD1D12973E005BCDFE /* DataManager.swift in Sources */ = {isa = PBXBuildFile; fileRef = 0306CEFC1D12973E005BCDFE /* DataManager.swift */; };
		0306CF3D1D143E0D005BCDFE /* UCAddLocationIntendHandler.swift in Sources */ = {isa = PBXBuildFile; fileRef = 0306CF3C1D143E0D005BCDFE /* UCAddLocationIntendHandler.swift */; };
		0364C5DE1D11468400192890 /* AppDelegate.swift in Sources */ = {isa = PBXBuildFile; fileRef = 0364C5DD1D11468400192890 /* AppDelegate.swift */; };
		0364C5E01D11468400192890 /* FirstViewController.swift in Sources */ = {isa = PBXBuildFile; fileRef = 0364C5DF1D11468400192890 /* FirstViewController.swift */; };
		0364C5E21D11468400192890 /* SecondViewController.swift in Sources */ = {isa = PBXBuildFile; fileRef = 0364C5E11D11468400192890 /* SecondViewController.swift */; };
		0364C5E51D11468400192890 /* Main.storyboard in Resources */ = {isa = PBXBuildFile; fileRef = 0364C5E31D11468400192890 /* Main.storyboard */; };
		0364C5E71D11468400192890 /* Assets.xcassets in Resources */ = {isa = PBXBuildFile; fileRef = 0364C5E61D11468400192890 /* Assets.xcassets */; };
		0364C5EA1D11468400192890 /* LaunchScreen.storyboard in Resources */ = {isa = PBXBuildFile; fileRef = 0364C5E81D11468400192890 /* LaunchScreen.storyboard */; };
		0364C5F31D1146DF00192890 /* CoreLocation.framework in Frameworks */ = {isa = PBXBuildFile; fileRef = 0364C5F21D1146DF00192890 /* CoreLocation.framework */; };
		0364C5F51D1146EE00192890 /* MapKit.framework in Frameworks */ = {isa = PBXBuildFile; fileRef = 0364C5F41D1146EE00192890 /* MapKit.framework */; };
		03C589E61D1ACD61001F3E00 /* Interface.storyboard in Resources */ = {isa = PBXBuildFile; fileRef = 03C589E41D1ACD61001F3E00 /* Interface.storyboard */; };
		03C589E81D1ACD61001F3E00 /* Assets.xcassets in Resources */ = {isa = PBXBuildFile; fileRef = 03C589E71D1ACD61001F3E00 /* Assets.xcassets */; };
		03C589EF1D1ACD62001F3E00 /* CarFinderWatch Extension.appex in Embed App Extensions */ = {isa = PBXBuildFile; fileRef = 03C589EE1D1ACD62001F3E00 /* CarFinderWatch Extension.appex */; settings = {ATTRIBUTES = (RemoveHeadersOnCopy, ); }; };
		03C589F61D1ACD62001F3E00 /* InterfaceController.swift in Sources */ = {isa = PBXBuildFile; fileRef = 03C589F51D1ACD62001F3E00 /* InterfaceController.swift */; };
		03C589F81D1ACD62001F3E00 /* ExtensionDelegate.swift in Sources */ = {isa = PBXBuildFile; fileRef = 03C589F71D1ACD62001F3E00 /* ExtensionDelegate.swift */; };
		03C589FA1D1ACD62001F3E00 /* NotificationController.swift in Sources */ = {isa = PBXBuildFile; fileRef = 03C589F91D1ACD62001F3E00 /* NotificationController.swift */; };
		03C589FC1D1ACD62001F3E00 /* Assets.xcassets in Resources */ = {isa = PBXBuildFile; fileRef = 03C589FB1D1ACD62001F3E00 /* Assets.xcassets */; };
		03C58A001D1ACD62001F3E00 /* CarFinderWatch.app in Embed Watch Content */ = {isa = PBXBuildFile; fileRef = 03C589E21D1ACD60001F3E00 /* CarFinderWatch.app */; };
		03C58A0A1D1ADEBA001F3E00 /* LocationRowController.swift in Sources */ = {isa = PBXBuildFile; fileRef = 03C58A091D1ADEBA001F3E00 /* LocationRowController.swift */; };
/* End PBXBuildFile section */

/* Begin PBXContainerItemProxy section */
		0306CEEF1D1287CA005BCDFE /* PBXContainerItemProxy */ = {
			isa = PBXContainerItemProxy;
			containerPortal = 0364C5D21D11468200192890 /* Project object */;
			proxyType = 1;
			remoteGlobalIDString = 0306CEE41D1287CA005BCDFE;
			remoteInfo = CaFinderSiriUI;
		};
		0306CEF21D1287CA005BCDFE /* PBXContainerItemProxy */ = {
			isa = PBXContainerItemProxy;
			containerPortal = 0364C5D21D11468200192890 /* Project object */;
			proxyType = 1;
			remoteGlobalIDString = 0306CEDB1D1287C9005BCDFE;
			remoteInfo = CaFinderSiri;
		};
		03C589F01D1ACD62001F3E00 /* PBXContainerItemProxy */ = {
			isa = PBXContainerItemProxy;
			containerPortal = 0364C5D21D11468200192890 /* Project object */;
			proxyType = 1;
			remoteGlobalIDString = 03C589ED1D1ACD62001F3E00;
			remoteInfo = "CarFinderWatch Extension";
		};
		03C589FE1D1ACD62001F3E00 /* PBXContainerItemProxy */ = {
			isa = PBXContainerItemProxy;
			containerPortal = 0364C5D21D11468200192890 /* Project object */;
			proxyType = 1;
			remoteGlobalIDString = 03C589E11D1ACD60001F3E00;
			remoteInfo = CarFinderWatch;
		};
/* End PBXContainerItemProxy section */

/* Begin PBXCopyFilesBuildPhase section */
		0306CEFB1D1287CA005BCDFE /* Embed App Extensions */ = {
			isa = PBXCopyFilesBuildPhase;
			buildActionMask = 2147483647;
			dstPath = "";
			dstSubfolderSpec = 13;
			files = (
				0306CEF11D1287CA005BCDFE /* CaFinderSiriUI.appex in Embed App Extensions */,
				0306CEF41D1287CA005BCDFE /* CaFinderSiri.appex in Embed App Extensions */,
			);
			name = "Embed App Extensions";
			runOnlyForDeploymentPostprocessing = 0;
		};
		03C58A061D1ACD62001F3E00 /* Embed App Extensions */ = {
			isa = PBXCopyFilesBuildPhase;
			buildActionMask = 2147483647;
			dstPath = "";
			dstSubfolderSpec = 13;
			files = (
				03C589EF1D1ACD62001F3E00 /* CarFinderWatch Extension.appex in Embed App Extensions */,
			);
			name = "Embed App Extensions";
			runOnlyForDeploymentPostprocessing = 0;
		};
		03C58A081D1ACD62001F3E00 /* Embed Watch Content */ = {
			isa = PBXCopyFilesBuildPhase;
			buildActionMask = 2147483647;
			dstPath = "$(CONTENTS_FOLDER_PATH)/Watch";
			dstSubfolderSpec = 16;
			files = (
				03C58A001D1ACD62001F3E00 /* CarFinderWatch.app in Embed Watch Content */,
			);
			name = "Embed Watch Content";
			runOnlyForDeploymentPostprocessing = 0;
		};
/* End PBXCopyFilesBuildPhase section */

/* Begin PBXFileReference section */
		0306CEDC1D1287C9005BCDFE /* CaFinderSiri.appex */ = {isa = PBXFileReference; explicitFileType = "wrapper.app-extension"; includeInIndex = 0; path = CaFinderSiri.appex; sourceTree = BUILT_PRODUCTS_DIR; };
		0306CEDE1D1287CA005BCDFE /* IntentHandler.swift */ = {isa = PBXFileReference; lastKnownFileType = sourcecode.swift; path = IntentHandler.swift; sourceTree = "<group>"; };
		0306CEE01D1287CA005BCDFE /* Info.plist */ = {isa = PBXFileReference; lastKnownFileType = text.plist.xml; path = Info.plist; sourceTree = "<group>"; };
		0306CEE51D1287CA005BCDFE /* CaFinderSiriUI.appex */ = {isa = PBXFileReference; explicitFileType = "wrapper.app-extension"; includeInIndex = 0; path = CaFinderSiriUI.appex; sourceTree = BUILT_PRODUCTS_DIR; };
		0306CEE61D1287CA005BCDFE /* IntentsUI.framework */ = {isa = PBXFileReference; lastKnownFileType = wrapper.framework; name = IntentsUI.framework; path = System/Library/Frameworks/IntentsUI.framework; sourceTree = SDKROOT; };
		0306CEE91D1287CA005BCDFE /* IntentViewController.swift */ = {isa = PBXFileReference; lastKnownFileType = sourcecode.swift; path = IntentViewController.swift; sourceTree = "<group>"; };
		0306CEEC1D1287CA005BCDFE /* Base */ = {isa = PBXFileReference; lastKnownFileType = file.storyboard; name = Base; path = Base.lproj/MainInterface.storyboard; sourceTree = "<group>"; };
		0306CEEE1D1287CA005BCDFE /* Info.plist */ = {isa = PBXFileReference; lastKnownFileType = text.plist.xml; path = Info.plist; sourceTree = "<group>"; };
		0306CEFC1D12973E005BCDFE /* DataManager.swift */ = {isa = PBXFileReference; fileEncoding = 4; lastKnownFileType = sourcecode.swift; path = DataManager.swift; sourceTree = "<group>"; };
		0306CF3C1D143E0D005BCDFE /* UCAddLocationIntendHandler.swift */ = {isa = PBXFileReference; fileEncoding = 4; lastKnownFileType = sourcecode.swift; path = UCAddLocationIntendHandler.swift; sourceTree = "<group>"; };
		0364C5DA1D11468300192890 /* CarFinder.app */ = {isa = PBXFileReference; explicitFileType = wrapper.application; includeInIndex = 0; path = CarFinder.app; sourceTree = BUILT_PRODUCTS_DIR; };
		0364C5DD1D11468400192890 /* AppDelegate.swift */ = {isa = PBXFileReference; lastKnownFileType = sourcecode.swift; path = AppDelegate.swift; sourceTree = "<group>"; };
		0364C5DF1D11468400192890 /* FirstViewController.swift */ = {isa = PBXFileReference; lastKnownFileType = sourcecode.swift; path = FirstViewController.swift; sourceTree = "<group>"; };
		0364C5E11D11468400192890 /* SecondViewController.swift */ = {isa = PBXFileReference; lastKnownFileType = sourcecode.swift; path = SecondViewController.swift; sourceTree = "<group>"; };
		0364C5E41D11468400192890 /* Base */ = {isa = PBXFileReference; lastKnownFileType = file.storyboard; name = Base; path = Base.lproj/Main.storyboard; sourceTree = "<group>"; };
		0364C5E61D11468400192890 /* Assets.xcassets */ = {isa = PBXFileReference; lastKnownFileType = folder.assetcatalog; path = Assets.xcassets; sourceTree = "<group>"; };
		0364C5E91D11468400192890 /* Base */ = {isa = PBXFileReference; lastKnownFileType = file.storyboard; name = Base; path = Base.lproj/LaunchScreen.storyboard; sourceTree = "<group>"; };
		0364C5EB1D11468400192890 /* Info.plist */ = {isa = PBXFileReference; lastKnownFileType = text.plist.xml; path = Info.plist; sourceTree = "<group>"; };
		0364C5F21D1146DF00192890 /* CoreLocation.framework */ = {isa = PBXFileReference; lastKnownFileType = wrapper.framework; name = CoreLocation.framework; path = System/Library/Frameworks/CoreLocation.framework; sourceTree = SDKROOT; };
		0364C5F41D1146EE00192890 /* MapKit.framework */ = {isa = PBXFileReference; lastKnownFileType = wrapper.framework; name = MapKit.framework; path = System/Library/Frameworks/MapKit.framework; sourceTree = SDKROOT; };
		03C589E21D1ACD60001F3E00 /* CarFinderWatch.app */ = {isa = PBXFileReference; explicitFileType = wrapper.application; includeInIndex = 0; path = CarFinderWatch.app; sourceTree = BUILT_PRODUCTS_DIR; };
		03C589E51D1ACD61001F3E00 /* Base */ = {isa = PBXFileReference; lastKnownFileType = file.storyboard; name = Base; path = Base.lproj/Interface.storyboard; sourceTree = "<group>"; };
		03C589E71D1ACD61001F3E00 /* Assets.xcassets */ = {isa = PBXFileReference; lastKnownFileType = folder.assetcatalog; path = Assets.xcassets; sourceTree = "<group>"; };
		03C589E91D1ACD61001F3E00 /* Info.plist */ = {isa = PBXFileReference; lastKnownFileType = text.plist.xml; path = Info.plist; sourceTree = "<group>"; };
		03C589EE1D1ACD62001F3E00 /* CarFinderWatch Extension.appex */ = {isa = PBXFileReference; explicitFileType = "wrapper.app-extension"; includeInIndex = 0; path = "CarFinderWatch Extension.appex"; sourceTree = BUILT_PRODUCTS_DIR; };
		03C589F41D1ACD62001F3E00 /* PushNotificationPayload.apns */ = {isa = PBXFileReference; lastKnownFileType = text; path = PushNotificationPayload.apns; sourceTree = "<group>"; };
		03C589F51D1ACD62001F3E00 /* InterfaceController.swift */ = {isa = PBXFileReference; lastKnownFileType = sourcecode.swift; path = InterfaceController.swift; sourceTree = "<group>"; };
		03C589F71D1ACD62001F3E00 /* ExtensionDelegate.swift */ = {isa = PBXFileReference; lastKnownFileType = sourcecode.swift; path = ExtensionDelegate.swift; sourceTree = "<group>"; };
		03C589F91D1ACD62001F3E00 /* NotificationController.swift */ = {isa = PBXFileReference; lastKnownFileType = sourcecode.swift; path = NotificationController.swift; sourceTree = "<group>"; };
		03C589FB1D1ACD62001F3E00 /* Assets.xcassets */ = {isa = PBXFileReference; lastKnownFileType = folder.assetcatalog; path = Assets.xcassets; sourceTree = "<group>"; };
		03C589FD1D1ACD62001F3E00 /* Info.plist */ = {isa = PBXFileReference; lastKnownFileType = text.plist.xml; path = Info.plist; sourceTree = "<group>"; };
		03C58A091D1ADEBA001F3E00 /* LocationRowController.swift */ = {isa = PBXFileReference; fileEncoding = 4; lastKnownFileType = sourcecode.swift; path = LocationRowController.swift; sourceTree = "<group>"; };
/* End PBXFileReference section */

/* Begin PBXFrameworksBuildPhase section */
		0306CED91D1287C9005BCDFE /* Frameworks */ = {
			isa = PBXFrameworksBuildPhase;
			buildActionMask = 2147483647;
			files = (
			);
			runOnlyForDeploymentPostprocessing = 0;
		};
		0306CEE21D1287CA005BCDFE /* Frameworks */ = {
			isa = PBXFrameworksBuildPhase;
			buildActionMask = 2147483647;
			files = (
				0306CEE71D1287CA005BCDFE /* IntentsUI.framework in Frameworks */,
			);
			runOnlyForDeploymentPostprocessing = 0;
		};
		0364C5D71D11468200192890 /* Frameworks */ = {
			isa = PBXFrameworksBuildPhase;
			buildActionMask = 2147483647;
			files = (
				0364C5F51D1146EE00192890 /* MapKit.framework in Frameworks */,
				0364C5F31D1146DF00192890 /* CoreLocation.framework in Frameworks */,
			);
			runOnlyForDeploymentPostprocessing = 0;
		};
		03C589EB1D1ACD62001F3E00 /* Frameworks */ = {
			isa = PBXFrameworksBuildPhase;
			buildActionMask = 2147483647;
			files = (
			);
			runOnlyForDeploymentPostprocessing = 0;
		};
/* End PBXFrameworksBuildPhase section */

/* Begin PBXGroup section */
		0306CEDD1D1287CA005BCDFE /* CaFinderSiri */ = {
			isa = PBXGroup;
			children = (
				0306CF3C1D143E0D005BCDFE /* UCAddLocationIntendHandler.swift */,
				0306CEDE1D1287CA005BCDFE /* IntentHandler.swift */,
				0306CEE01D1287CA005BCDFE /* Info.plist */,
			);
			path = CaFinderSiri;
			sourceTree = "<group>";
		};
		0306CEE81D1287CA005BCDFE /* CaFinderSiriUI */ = {
			isa = PBXGroup;
			children = (
				0306CEE91D1287CA005BCDFE /* IntentViewController.swift */,
				0306CEEB1D1287CA005BCDFE /* MainInterface.storyboard */,
				0306CEEE1D1287CA005BCDFE /* Info.plist */,
			);
			path = CaFinderSiriUI;
			sourceTree = "<group>";
		};
		0364C5D11D11468100192890 = {
			isa = PBXGroup;
			children = (
				0364C5DC1D11468300192890 /* CarFinder */,
				0306CEDD1D1287CA005BCDFE /* CaFinderSiri */,
				0306CEE81D1287CA005BCDFE /* CaFinderSiriUI */,
				03C589E31D1ACD60001F3E00 /* CarFinderWatch */,
				03C589F21D1ACD62001F3E00 /* CarFinderWatch Extension */,
				0364C5DB1D11468300192890 /* Products */,
				0364C5F11D1146DF00192890 /* Frameworks */,
			);
			sourceTree = "<group>";
		};
		0364C5DB1D11468300192890 /* Products */ = {
			isa = PBXGroup;
			children = (
				0364C5DA1D11468300192890 /* CarFinder.app */,
				0306CEDC1D1287C9005BCDFE /* CaFinderSiri.appex */,
				0306CEE51D1287CA005BCDFE /* CaFinderSiriUI.appex */,
				03C589E21D1ACD60001F3E00 /* CarFinderWatch.app */,
				03C589EE1D1ACD62001F3E00 /* CarFinderWatch Extension.appex */,
			);
			name = Products;
			sourceTree = "<group>";
		};
		0364C5DC1D11468300192890 /* CarFinder */ = {
			isa = PBXGroup;
			children = (
				0364C5DD1D11468400192890 /* AppDelegate.swift */,
				0364C5DF1D11468400192890 /* FirstViewController.swift */,
				0364C5E11D11468400192890 /* SecondViewController.swift */,
				0364C5E31D11468400192890 /* Main.storyboard */,
				0306CEFC1D12973E005BCDFE /* DataManager.swift */,
				0364C5E61D11468400192890 /* Assets.xcassets */,
				0364C5E81D11468400192890 /* LaunchScreen.storyboard */,
				0364C5EB1D11468400192890 /* Info.plist */,
			);
			path = CarFinder;
			sourceTree = "<group>";
		};
		0364C5F11D1146DF00192890 /* Frameworks */ = {
			isa = PBXGroup;
			children = (
				0364C5F41D1146EE00192890 /* MapKit.framework */,
				0364C5F21D1146DF00192890 /* CoreLocation.framework */,
				0306CEE61D1287CA005BCDFE /* IntentsUI.framework */,
			);
			name = Frameworks;
			sourceTree = "<group>";
		};
		03C589E31D1ACD60001F3E00 /* CarFinderWatch */ = {
			isa = PBXGroup;
			children = (
				03C589E41D1ACD61001F3E00 /* Interface.storyboard */,
				03C589E71D1ACD61001F3E00 /* Assets.xcassets */,
				03C589E91D1ACD61001F3E00 /* Info.plist */,
			);
			path = CarFinderWatch;
			sourceTree = "<group>";
		};
		03C589F21D1ACD62001F3E00 /* CarFinderWatch Extension */ = {
			isa = PBXGroup;
			children = (
				03C589F51D1ACD62001F3E00 /* InterfaceController.swift */,
				03C58A091D1ADEBA001F3E00 /* LocationRowController.swift */,
				03C589F71D1ACD62001F3E00 /* ExtensionDelegate.swift */,
				03C589F91D1ACD62001F3E00 /* NotificationController.swift */,
				03C589FB1D1ACD62001F3E00 /* Assets.xcassets */,
				03C589FD1D1ACD62001F3E00 /* Info.plist */,
				03C589F31D1ACD62001F3E00 /* Supporting Files */,
			);
			path = "CarFinderWatch Extension";
			sourceTree = "<group>";
		};
		03C589F31D1ACD62001F3E00 /* Supporting Files */ = {
			isa = PBXGroup;
			children = (
				03C589F41D1ACD62001F3E00 /* PushNotificationPayload.apns */,
			);
			name = "Supporting Files";
			sourceTree = "<group>";
		};
/* End PBXGroup section */

/* Begin PBXNativeTarget section */
		0306CEDB1D1287C9005BCDFE /* CaFinderSiri */ = {
			isa = PBXNativeTarget;
			buildConfigurationList = 0306CEF81D1287CA005BCDFE /* Build configuration list for PBXNativeTarget "CaFinderSiri" */;
			buildPhases = (
				0306CED81D1287C9005BCDFE /* Sources */,
				0306CED91D1287C9005BCDFE /* Frameworks */,
				0306CEDA1D1287C9005BCDFE /* Resources */,
			);
			buildRules = (
			);
			dependencies = (
			);
			name = CaFinderSiri;
			productName = CaFinderSiri;
			productReference = 0306CEDC1D1287C9005BCDFE /* CaFinderSiri.appex */;
			productType = "com.apple.product-type.app-extension";
		};
		0306CEE41D1287CA005BCDFE /* CaFinderSiriUI */ = {
			isa = PBXNativeTarget;
			buildConfigurationList = 0306CEF51D1287CA005BCDFE /* Build configuration list for PBXNativeTarget "CaFinderSiriUI" */;
			buildPhases = (
				0306CEE11D1287CA005BCDFE /* Sources */,
				0306CEE21D1287CA005BCDFE /* Frameworks */,
				0306CEE31D1287CA005BCDFE /* Resources */,
			);
			buildRules = (
			);
			dependencies = (
			);
			name = CaFinderSiriUI;
			productName = CaFinderSiriUI;
			productReference = 0306CEE51D1287CA005BCDFE /* CaFinderSiriUI.appex */;
			productType = "com.apple.product-type.app-extension";
		};
		0364C5D91D11468200192890 /* CarFinder */ = {
			isa = PBXNativeTarget;
			buildConfigurationList = 0364C5EE1D11468400192890 /* Build configuration list for PBXNativeTarget "CarFinder" */;
			buildPhases = (
				0364C5D61D11468200192890 /* Sources */,
				0364C5D71D11468200192890 /* Frameworks */,
				0364C5D81D11468200192890 /* Resources */,
				0306CEFB1D1287CA005BCDFE /* Embed App Extensions */,
				03C58A081D1ACD62001F3E00 /* Embed Watch Content */,
			);
			buildRules = (
			);
			dependencies = (
				0306CEF01D1287CA005BCDFE /* PBXTargetDependency */,
				0306CEF31D1287CA005BCDFE /* PBXTargetDependency */,
				03C589FF1D1ACD62001F3E00 /* PBXTargetDependency */,
			);
			name = CarFinder;
			productName = CarFinder;
			productReference = 0364C5DA1D11468300192890 /* CarFinder.app */;
			productType = "com.apple.product-type.application";
		};
		03C589E11D1ACD60001F3E00 /* CarFinderWatch */ = {
			isa = PBXNativeTarget;
			buildConfigurationList = 03C58A071D1ACD62001F3E00 /* Build configuration list for PBXNativeTarget "CarFinderWatch" */;
			buildPhases = (
				03C589E01D1ACD60001F3E00 /* Resources */,
				03C58A061D1ACD62001F3E00 /* Embed App Extensions */,
			);
			buildRules = (
			);
			dependencies = (
				03C589F11D1ACD62001F3E00 /* PBXTargetDependency */,
			);
			name = CarFinderWatch;
			productName = CarFinderWatch;
			productReference = 03C589E21D1ACD60001F3E00 /* CarFinderWatch.app */;
			productType = "com.apple.product-type.application.watchapp2";
		};
		03C589ED1D1ACD62001F3E00 /* CarFinderWatch Extension */ = {
			isa = PBXNativeTarget;
			buildConfigurationList = 03C58A051D1ACD62001F3E00 /* Build configuration list for PBXNativeTarget "CarFinderWatch Extension" */;
			buildPhases = (
				03C589EA1D1ACD62001F3E00 /* Sources */,
				03C589EB1D1ACD62001F3E00 /* Frameworks */,
				03C589EC1D1ACD62001F3E00 /* Resources */,
			);
			buildRules = (
			);
			dependencies = (
			);
			name = "CarFinderWatch Extension";
			productName = "CarFinderWatch Extension";
			productReference = 03C589EE1D1ACD62001F3E00 /* CarFinderWatch Extension.appex */;
			productType = "com.apple.product-type.watchkit2-extension";
		};
/* End PBXNativeTarget section */

/* Begin PBXProject section */
		0364C5D21D11468200192890 /* Project object */ = {
			isa = PBXProject;
			attributes = {
				LastSwiftUpdateCheck = 0800;
				LastUpgradeCheck = 0800;
				ORGANIZATIONNAME = nvovap;
				TargetAttributes = {
					0306CEDB1D1287C9005BCDFE = {
						CreatedOnToolsVersion = 8.0;
						DevelopmentTeam = ML92WQMC99;
						DevelopmentTeamName = "Vladimir Nevinnyi";
						ProvisioningStyle = Automatic;
					};
					0306CEE41D1287CA005BCDFE = {
						CreatedOnToolsVersion = 8.0;
						DevelopmentTeam = ML92WQMC99;
						DevelopmentTeamName = "Vladimir Nevinnyi";
						ProvisioningStyle = Automatic;
					};
					0364C5D91D11468200192890 = {
						CreatedOnToolsVersion = 8.0;
						DevelopmentTeam = ML92WQMC99;
						DevelopmentTeamName = "Vladimir Nevinnyi";
						ProvisioningStyle = Automatic;
					};
					03C589E11D1ACD60001F3E00 = {
						CreatedOnToolsVersion = 8.0;
						DevelopmentTeam = ML92WQMC99;
						DevelopmentTeamName = "Vladimir Nevinnyi";
						ProvisioningStyle = Automatic;
					};
					03C589ED1D1ACD62001F3E00 = {
						CreatedOnToolsVersion = 8.0;
						DevelopmentTeam = ML92WQMC99;
						DevelopmentTeamName = "Vladimir Nevinnyi";
						ProvisioningStyle = Automatic;
					};
				};
			};
			buildConfigurationList = 0364C5D51D11468200192890 /* Build configuration list for PBXProject "CarFinder" */;
			compatibilityVersion = "Xcode 3.2";
			developmentRegion = English;
			hasScannedForEncodings = 0;
			knownRegions = (
				en,
				Base,
			);
			mainGroup = 0364C5D11D11468100192890;
			productRefGroup = 0364C5DB1D11468300192890 /* Products */;
			projectDirPath = "";
			projectRoot = "";
			targets = (
				0364C5D91D11468200192890 /* CarFinder */,
				0306CEDB1D1287C9005BCDFE /* CaFinderSiri */,
				0306CEE41D1287CA005BCDFE /* CaFinderSiriUI */,
				03C589E11D1ACD60001F3E00 /* CarFinderWatch */,
				03C589ED1D1ACD62001F3E00 /* CarFinderWatch Extension */,
			);
		};
/* End PBXProject section */

/* Begin PBXResourcesBuildPhase section */
		0306CEDA1D1287C9005BCDFE /* Resources */ = {
			isa = PBXResourcesBuildPhase;
			buildActionMask = 2147483647;
			files = (
			);
			runOnlyForDeploymentPostprocessing = 0;
		};
		0306CEE31D1287CA005BCDFE /* Resources */ = {
			isa = PBXResourcesBuildPhase;
			buildActionMask = 2147483647;
			files = (
				0306CEED1D1287CA005BCDFE /* MainInterface.storyboard in Resources */,
			);
			runOnlyForDeploymentPostprocessing = 0;
		};
		0364C5D81D11468200192890 /* Resources */ = {
			isa = PBXResourcesBuildPhase;
			buildActionMask = 2147483647;
			files = (
				0364C5EA1D11468400192890 /* LaunchScreen.storyboard in Resources */,
				0364C5E71D11468400192890 /* Assets.xcassets in Resources */,
				0364C5E51D11468400192890 /* Main.storyboard in Resources */,
			);
			runOnlyForDeploymentPostprocessing = 0;
		};
		03C589E01D1ACD60001F3E00 /* Resources */ = {
			isa = PBXResourcesBuildPhase;
			buildActionMask = 2147483647;
			files = (
				03C589E81D1ACD61001F3E00 /* Assets.xcassets in Resources */,
				03C589E61D1ACD61001F3E00 /* Interface.storyboard in Resources */,
			);
			runOnlyForDeploymentPostprocessing = 0;
		};
		03C589EC1D1ACD62001F3E00 /* Resources */ = {
			isa = PBXResourcesBuildPhase;
			buildActionMask = 2147483647;
			files = (
				03C589FC1D1ACD62001F3E00 /* Assets.xcassets in Resources */,
			);
			runOnlyForDeploymentPostprocessing = 0;
		};
/* End PBXResourcesBuildPhase section */

/* Begin PBXSourcesBuildPhase section */
		0306CED81D1287C9005BCDFE /* Sources */ = {
			isa = PBXSourcesBuildPhase;
			buildActionMask = 2147483647;
			files = (
				0306CF3D1D143E0D005BCDFE /* UCAddLocationIntendHandler.swift in Sources */,
				0306CEDF1D1287CA005BCDFE /* IntentHandler.swift in Sources */,
			);
			runOnlyForDeploymentPostprocessing = 0;
		};
		0306CEE11D1287CA005BCDFE /* Sources */ = {
			isa = PBXSourcesBuildPhase;
			buildActionMask = 2147483647;
			files = (
				0306CEEA1D1287CA005BCDFE /* IntentViewController.swift in Sources */,
			);
			runOnlyForDeploymentPostprocessing = 0;
		};
		0364C5D61D11468200192890 /* Sources */ = {
			isa = PBXSourcesBuildPhase;
			buildActionMask = 2147483647;
			files = (
				0364C5E21D11468400192890 /* SecondViewController.swift in Sources */,
				0306CEFD1D12973E005BCDFE /* DataManager.swift in Sources */,
				0364C5DE1D11468400192890 /* AppDelegate.swift in Sources */,
				0364C5E01D11468400192890 /* FirstViewController.swift in Sources */,
			);
			runOnlyForDeploymentPostprocessing = 0;
		};
		03C589EA1D1ACD62001F3E00 /* Sources */ = {
			isa = PBXSourcesBuildPhase;
			buildActionMask = 2147483647;
			files = (
				03C589FA1D1ACD62001F3E00 /* NotificationController.swift in Sources */,
				03C589F81D1ACD62001F3E00 /* ExtensionDelegate.swift in Sources */,
				03C589F61D1ACD62001F3E00 /* InterfaceController.swift in Sources */,
				03C58A0A1D1ADEBA001F3E00 /* LocationRowController.swift in Sources */,
			);
			runOnlyForDeploymentPostprocessing = 0;
		};
/* End PBXSourcesBuildPhase section */

/* Begin PBXTargetDependency section */
		0306CEF01D1287CA005BCDFE /* PBXTargetDependency */ = {
			isa = PBXTargetDependency;
			target = 0306CEE41D1287CA005BCDFE /* CaFinderSiriUI */;
			targetProxy = 0306CEEF1D1287CA005BCDFE /* PBXContainerItemProxy */;
		};
		0306CEF31D1287CA005BCDFE /* PBXTargetDependency */ = {
			isa = PBXTargetDependency;
			target = 0306CEDB1D1287C9005BCDFE /* CaFinderSiri */;
			targetProxy = 0306CEF21D1287CA005BCDFE /* PBXContainerItemProxy */;
		};
		03C589F11D1ACD62001F3E00 /* PBXTargetDependency */ = {
			isa = PBXTargetDependency;
			target = 03C589ED1D1ACD62001F3E00 /* CarFinderWatch Extension */;
			targetProxy = 03C589F01D1ACD62001F3E00 /* PBXContainerItemProxy */;
		};
		03C589FF1D1ACD62001F3E00 /* PBXTargetDependency */ = {
			isa = PBXTargetDependency;
			target = 03C589E11D1ACD60001F3E00 /* CarFinderWatch */;
			targetProxy = 03C589FE1D1ACD62001F3E00 /* PBXContainerItemProxy */;
		};
/* End PBXTargetDependency section */

/* Begin PBXVariantGroup section */
		0306CEEB1D1287CA005BCDFE /* MainInterface.storyboard */ = {
			isa = PBXVariantGroup;
			children = (
				0306CEEC1D1287CA005BCDFE /* Base */,
			);
			name = MainInterface.storyboard;
			sourceTree = "<group>";
		};
		0364C5E31D11468400192890 /* Main.storyboard */ = {
			isa = PBXVariantGroup;
			children = (
				0364C5E41D11468400192890 /* Base */,
			);
			name = Main.storyboard;
			sourceTree = "<group>";
		};
		0364C5E81D11468400192890 /* LaunchScreen.storyboard */ = {
			isa = PBXVariantGroup;
			children = (
				0364C5E91D11468400192890 /* Base */,
			);
			name = LaunchScreen.storyboard;
			sourceTree = "<group>";
		};
		03C589E41D1ACD61001F3E00 /* Interface.storyboard */ = {
			isa = PBXVariantGroup;
			children = (
				03C589E51D1ACD61001F3E00 /* Base */,
			);
			name = Interface.storyboard;
			sourceTree = "<group>";
		};
/* End PBXVariantGroup section */

/* Begin XCBuildConfiguration section */
		0306CEF61D1287CA005BCDFE /* Debug */ = {
			isa = XCBuildConfiguration;
			buildSettings = {
				INFOPLIST_FILE = CaFinderSiriUI/Info.plist;
				LD_RUNPATH_SEARCH_PATHS = "$(inherited) @executable_path/Frameworks @executable_path/../../Frameworks";
				PRODUCT_BUNDLE_IDENTIFIER = nvovap.com.CarFinder.CaFinderSiriUI;
				PRODUCT_NAME = "$(TARGET_NAME)";
				SKIP_INSTALL = YES;
				SWIFT_VERSION = 3.0;
			};
			name = Debug;
		};
		0306CEF71D1287CA005BCDFE /* Release */ = {
			isa = XCBuildConfiguration;
			buildSettings = {
				INFOPLIST_FILE = CaFinderSiriUI/Info.plist;
				LD_RUNPATH_SEARCH_PATHS = "$(inherited) @executable_path/Frameworks @executable_path/../../Frameworks";
				PRODUCT_BUNDLE_IDENTIFIER = nvovap.com.CarFinder.CaFinderSiriUI;
				PRODUCT_NAME = "$(TARGET_NAME)";
				SKIP_INSTALL = YES;
				SWIFT_VERSION = 3.0;
			};
			name = Release;
		};
		0306CEF91D1287CA005BCDFE /* Debug */ = {
			isa = XCBuildConfiguration;
			buildSettings = {
				INFOPLIST_FILE = CaFinderSiri/Info.plist;
				LD_RUNPATH_SEARCH_PATHS = "$(inherited) @executable_path/Frameworks @executable_path/../../Frameworks";
				PRODUCT_BUNDLE_IDENTIFIER = nvovap.com.CarFinder.CaFinderSiri;
				PRODUCT_NAME = "$(TARGET_NAME)";
				SKIP_INSTALL = YES;
				SWIFT_VERSION = 3.0;
			};
			name = Debug;
		};
		0306CEFA1D1287CA005BCDFE /* Release */ = {
			isa = XCBuildConfiguration;
			buildSettings = {
				INFOPLIST_FILE = CaFinderSiri/Info.plist;
				LD_RUNPATH_SEARCH_PATHS = "$(inherited) @executable_path/Frameworks @executable_path/../../Frameworks";
				PRODUCT_BUNDLE_IDENTIFIER = nvovap.com.CarFinder.CaFinderSiri;
				PRODUCT_NAME = "$(TARGET_NAME)";
				SKIP_INSTALL = YES;
				SWIFT_VERSION = 3.0;
			};
			name = Release;
		};
		0364C5EC1D11468400192890 /* Debug */ = {
			isa = XCBuildConfiguration;
			buildSettings = {
				ALWAYS_SEARCH_USER_PATHS = NO;
				CLANG_ANALYZER_NONNULL = YES;
				CLANG_CXX_LANGUAGE_STANDARD = "gnu++0x";
				CLANG_CXX_LIBRARY = "libc++";
				CLANG_ENABLE_MODULES = YES;
				CLANG_ENABLE_OBJC_ARC = YES;
				CLANG_WARN_BOOL_CONVERSION = YES;
				CLANG_WARN_CONSTANT_CONVERSION = YES;
				CLANG_WARN_DIRECT_OBJC_ISA_USAGE = YES_ERROR;
				CLANG_WARN_DOCUMENTATION_COMMENTS = YES;
				CLANG_WARN_EMPTY_BODY = YES;
				CLANG_WARN_ENUM_CONVERSION = YES;
				CLANG_WARN_INT_CONVERSION = YES;
				CLANG_WARN_OBJC_ROOT_CLASS = YES_ERROR;
				CLANG_WARN_UNREACHABLE_CODE = YES;
				CLANG_WARN__DUPLICATE_METHOD_MATCH = YES;
				"CODE_SIGN_IDENTITY[sdk=iphoneos*]" = "iPhone Developer";
				COPY_PHASE_STRIP = NO;
				DEBUG_INFORMATION_FORMAT = dwarf;
				ENABLE_STRICT_OBJC_MSGSEND = YES;
				ENABLE_TESTABILITY = YES;
				GCC_C_LANGUAGE_STANDARD = gnu99;
				GCC_DYNAMIC_NO_PIC = NO;
				GCC_NO_COMMON_BLOCKS = YES;
				GCC_OPTIMIZATION_LEVEL = 0;
				GCC_PREPROCESSOR_DEFINITIONS = (
					"DEBUG=1",
					"$(inherited)",
				);
				GCC_WARN_64_TO_32_BIT_CONVERSION = YES;
				GCC_WARN_ABOUT_RETURN_TYPE = YES_ERROR;
				GCC_WARN_UNDECLARED_SELECTOR = YES;
				GCC_WARN_UNINITIALIZED_AUTOS = YES_AGGRESSIVE;
				GCC_WARN_UNUSED_FUNCTION = YES;
				GCC_WARN_UNUSED_VARIABLE = YES;
				IPHONEOS_DEPLOYMENT_TARGET = 10.0;
				MTL_ENABLE_DEBUG_INFO = YES;
				ONLY_ACTIVE_ARCH = YES;
				SDKROOT = iphoneos;
				SWIFT_ACTIVE_COMPILATION_CONDITIONS = DEBUG;
				SWIFT_OPTIMIZATION_LEVEL = "-Onone";
				TARGETED_DEVICE_FAMILY = "1,2";
			};
			name = Debug;
		};
		0364C5ED1D11468400192890 /* Release */ = {
			isa = XCBuildConfiguration;
			buildSettings = {
				ALWAYS_SEARCH_USER_PATHS = NO;
				CLANG_ANALYZER_NONNULL = YES;
				CLANG_CXX_LANGUAGE_STANDARD = "gnu++0x";
				CLANG_CXX_LIBRARY = "libc++";
				CLANG_ENABLE_MODULES = YES;
				CLANG_ENABLE_OBJC_ARC = YES;
				CLANG_WARN_BOOL_CONVERSION = YES;
				CLANG_WARN_CONSTANT_CONVERSION = YES;
				CLANG_WARN_DIRECT_OBJC_ISA_USAGE = YES_ERROR;
				CLANG_WARN_DOCUMENTATION_COMMENTS = YES;
				CLANG_WARN_EMPTY_BODY = YES;
				CLANG_WARN_ENUM_CONVERSION = YES;
				CLANG_WARN_INT_CONVERSION = YES;
				CLANG_WARN_OBJC_ROOT_CLASS = YES_ERROR;
				CLANG_WARN_UNREACHABLE_CODE = YES;
				CLANG_WARN__DUPLICATE_METHOD_MATCH = YES;
				"CODE_SIGN_IDENTITY[sdk=iphoneos*]" = "iPhone Developer";
				COPY_PHASE_STRIP = NO;
				DEBUG_INFORMATION_FORMAT = "dwarf-with-dsym";
				ENABLE_NS_ASSERTIONS = NO;
				ENABLE_STRICT_OBJC_MSGSEND = YES;
				GCC_C_LANGUAGE_STANDARD = gnu99;
				GCC_NO_COMMON_BLOCKS = YES;
				GCC_WARN_64_TO_32_BIT_CONVERSION = YES;
				GCC_WARN_ABOUT_RETURN_TYPE = YES_ERROR;
				GCC_WARN_UNDECLARED_SELECTOR = YES;
				GCC_WARN_UNINITIALIZED_AUTOS = YES_AGGRESSIVE;
				GCC_WARN_UNUSED_FUNCTION = YES;
				GCC_WARN_UNUSED_VARIABLE = YES;
				IPHONEOS_DEPLOYMENT_TARGET = 10.0;
				MTL_ENABLE_DEBUG_INFO = NO;
				SDKROOT = iphoneos;
				SWIFT_OPTIMIZATION_LEVEL = "-Owholemodule";
				TARGETED_DEVICE_FAMILY = "1,2";
				VALIDATE_PRODUCT = YES;
			};
			name = Release;
		};
		0364C5EF1D11468400192890 /* Debug */ = {
			isa = XCBuildConfiguration;
			buildSettings = {
				ALWAYS_EMBED_SWIFT_STANDARD_LIBRARIES = YES;
				ASSETCATALOG_COMPILER_APPICON_NAME = AppIcon;
				INFOPLIST_FILE = CarFinder/Info.plist;
				LD_RUNPATH_SEARCH_PATHS = "$(inherited) @executable_path/Frameworks";
				PRODUCT_BUNDLE_IDENTIFIER = nvovap.com.CarFinder;
				PRODUCT_NAME = "$(TARGET_NAME)";
				SWIFT_VERSION = 3.0;
			};
			name = Debug;
		};
		0364C5F01D11468400192890 /* Release */ = {
			isa = XCBuildConfiguration;
			buildSettings = {
				ALWAYS_EMBED_SWIFT_STANDARD_LIBRARIES = YES;
				ASSETCATALOG_COMPILER_APPICON_NAME = AppIcon;
				INFOPLIST_FILE = CarFinder/Info.plist;
				LD_RUNPATH_SEARCH_PATHS = "$(inherited) @executable_path/Frameworks";
				PRODUCT_BUNDLE_IDENTIFIER = nvovap.com.CarFinder;
				PRODUCT_NAME = "$(TARGET_NAME)";
				SWIFT_VERSION = 3.0;
			};
			name = Release;
		};
		03C58A011D1ACD62001F3E00 /* Debug */ = {
			isa = XCBuildConfiguration;
			buildSettings = {
				ALWAYS_EMBED_SWIFT_STANDARD_LIBRARIES = YES;
				ASSETCATALOG_COMPILER_APPICON_NAME = AppIcon;
				IBSC_MODULE = CarFinderWatch_Extension;
				INFOPLIST_FILE = CarFinderWatch/Info.plist;
				PRODUCT_BUNDLE_IDENTIFIER = nvovap.com.CarFinder.watchkitapp;
				PRODUCT_NAME = "$(TARGET_NAME)";
				SDKROOT = watchos;
				SKIP_INSTALL = YES;
				SWIFT_VERSION = 3.0;
				TARGETED_DEVICE_FAMILY = 4;
				WATCHOS_DEPLOYMENT_TARGET = 3.0;
			};
			name = Debug;
		};
		03C58A021D1ACD62001F3E00 /* Release */ = {
			isa = XCBuildConfiguration;
			buildSettings = {
				ALWAYS_EMBED_SWIFT_STANDARD_LIBRARIES = YES;
				ASSETCATALOG_COMPILER_APPICON_NAME = AppIcon;
				IBSC_MODULE = CarFinderWatch_Extension;
				INFOPLIST_FILE = CarFinderWatch/Info.plist;
				PRODUCT_BUNDLE_IDENTIFIER = nvovap.com.CarFinder.watchkitapp;
				PRODUCT_NAME = "$(TARGET_NAME)";
				SDKROOT = watchos;
				SKIP_INSTALL = YES;
				SWIFT_VERSION = 3.0;
				TARGETED_DEVICE_FAMILY = 4;
				WATCHOS_DEPLOYMENT_TARGET = 3.0;
			};
			name = Release;
		};
		03C58A031D1ACD62001F3E00 /* Debug */ = {
			isa = XCBuildConfiguration;
			buildSettings = {
				ASSETCATALOG_COMPILER_COMPLICATION_NAME = Complication;
				INFOPLIST_FILE = "CarFinderWatch Extension/Info.plist";
				LD_RUNPATH_SEARCH_PATHS = "$(inherited) @executable_path/Frameworks @executable_path/../../Frameworks";
				PRODUCT_BUNDLE_IDENTIFIER = nvovap.com.CarFinder.watchkitapp.watchkitextension;
				PRODUCT_NAME = "${TARGET_NAME}";
				SDKROOT = watchos;
				SKIP_INSTALL = YES;
				SWIFT_VERSION = 3.0;
				TARGETED_DEVICE_FAMILY = 4;
				WATCHOS_DEPLOYMENT_TARGET = 3.0;
			};
			name = Debug;
		};
		03C58A041D1ACD62001F3E00 /* Release */ = {
			isa = XCBuildConfiguration;
			buildSettings = {
				ASSETCATALOG_COMPILER_COMPLICATION_NAME = Complication;
				INFOPLIST_FILE = "CarFinderWatch Extension/Info.plist";
				LD_RUNPATH_SEARCH_PATHS = "$(inherited) @executable_path/Frameworks @executable_path/../../Frameworks";
				PRODUCT_BUNDLE_IDENTIFIER = nvovap.com.CarFinder.watchkitapp.watchkitextension;
				PRODUCT_NAME = "${TARGET_NAME}";
				SDKROOT = watchos;
				SKIP_INSTALL = YES;
				SWIFT_VERSION = 3.0;
				TARGETED_DEVICE_FAMILY = 4;
				WATCHOS_DEPLOYMENT_TARGET = 3.0;
			};
			name = Release;
		};
/* End XCBuildConfiguration section */

/* Begin XCConfigurationList section */
		0306CEF51D1287CA005BCDFE /* Build configuration list for PBXNativeTarget "CaFinderSiriUI" */ = {
			isa = XCConfigurationList;
			buildConfigurations = (
				0306CEF61D1287CA005BCDFE /* Debug */,
				0306CEF71D1287CA005BCDFE /* Release */,
			);
			defaultConfigurationIsVisible = 0;
			defaultConfigurationName = Release;
		};
		0306CEF81D1287CA005BCDFE /* Build configuration list for PBXNativeTarget "CaFinderSiri" */ = {
			isa = XCConfigurationList;
			buildConfigurations = (
				0306CEF91D1287CA005BCDFE /* Debug */,
				0306CEFA1D1287CA005BCDFE /* Release */,
			);
			defaultConfigurationIsVisible = 0;
			defaultConfigurationName = Release;
		};
		0364C5D51D11468200192890 /* Build configuration list for PBXProject "CarFinder" */ = {
			isa = XCConfigurationList;
			buildConfigurations = (
				0364C5EC1D11468400192890 /* Debug */,
				0364C5ED1D11468400192890 /* Release */,
			);
			defaultConfigurationIsVisible = 0;
			defaultConfigurationName = Release;
		};
		0364C5EE1D11468400192890 /* Build configuration list for PBXNativeTarget "CarFinder" */ = {
			isa = XCConfigurationList;
			buildConfigurations = (
				0364C5EF1D11468400192890 /* Debug */,
				0364C5F01D11468400192890 /* Release */,
			);
			defaultConfigurationIsVisible = 0;
			defaultConfigurationName = Release;
		};
		03C58A051D1ACD62001F3E00 /* Build configuration list for PBXNativeTarget "CarFinderWatch Extension" */ = {
			isa = XCConfigurationList;
			buildConfigurations = (
				03C58A031D1ACD62001F3E00 /* Debug */,
				03C58A041D1ACD62001F3E00 /* Release */,
			);
			defaultConfigurationIsVisible = 0;
		};
		03C58A071D1ACD62001F3E00 /* Build configuration list for PBXNativeTarget "CarFinderWatch" */ = {
			isa = XCConfigurationList;
			buildConfigurations = (
				03C58A011D1ACD62001F3E00 /* Debug */,
				03C58A021D1ACD62001F3E00 /* Release */,
			);
			defaultConfigurationIsVisible = 0;
		};
/* End XCConfigurationList section */
	};
	rootObject = 0364C5D21D11468200192890 /* Project object */;
}
